// !$*UTF8*$!
{
	archiveVersion = 1;
	classes = {
	};
	objectVersion = 46;
	objects = {

/* Begin PBXBuildFile section */
		DB7D489B1DFE446900AB59FA /* AppDelegate.swift in Sources */ = {isa = PBXBuildFile; fileRef = DB7D489A1DFE446900AB59FA /* AppDelegate.swift */; };
		DB7D489D1DFE446900AB59FA /* ViewController.swift in Sources */ = {isa = PBXBuildFile; fileRef = DB7D489C1DFE446900AB59FA /* ViewController.swift */; };
		DB7D48A01DFE446900AB59FA /* Main.storyboard in Resources */ = {isa = PBXBuildFile; fileRef = DB7D489E1DFE446900AB59FA /* Main.storyboard */; };
		DB7D48A21DFE446900AB59FA /* Assets.xcassets in Resources */ = {isa = PBXBuildFile; fileRef = DB7D48A11DFE446900AB59FA /* Assets.xcassets */; };
		DB7D48A51DFE446900AB59FA /* LaunchScreen.storyboard in Resources */ = {isa = PBXBuildFile; fileRef = DB7D48A31DFE446900AB59FA /* LaunchScreen.storyboard */; };
		DB7D48AD1DFE450500AB59FA /* MySwitch.swift in Sources */ = {isa = PBXBuildFile; fileRef = DB7D48AC1DFE450500AB59FA /* MySwitch.swift */; };
/* End PBXBuildFile section */

/* Begin PBXFileReference section */
		DB7D48971DFE446900AB59FA /* MySwitch.app */ = {isa = PBXFileReference; explicitFileType = wrapper.application; includeInIndex = 0; path = MySwitch.app; sourceTree = BUILT_PRODUCTS_DIR; };
		DB7D489A1DFE446900AB59FA /* AppDelegate.swift */ = {isa = PBXFileReference; lastKnownFileType = sourcecode.swift; path = AppDelegate.swift; sourceTree = "<group>"; };
		DB7D489C1DFE446900AB59FA /* ViewController.swift */ = {isa = PBXFileReference; lastKnownFileType = sourcecode.swift; path = ViewController.swift; sourceTree = "<group>"; };
		DB7D489F1DFE446900AB59FA /* Base */ = {isa = PBXFileReference; lastKnownFileType = file.storyboard; name = Base; path = Base.lproj/Main.storyboard; sourceTree = "<group>"; };
		DB7D48A11DFE446900AB59FA /* Assets.xcassets */ = {isa = PBXFileReference; lastKnownFileType = folder.assetcatalog; path = Assets.xcassets; sourceTree = "<group>"; };
		DB7D48A41DFE446900AB59FA /* Base */ = {isa = PBXFileReference; lastKnownFileType = file.storyboard; name = Base; path = Base.lproj/LaunchScreen.storyboard; sourceTree = "<group>"; };
		DB7D48A61DFE446900AB59FA /* Info.plist */ = {isa = PBXFileReference; lastKnownFileType = text.plist.xml; path = Info.plist; sourceTree = "<group>"; };
		DB7D48AC1DFE450500AB59FA /* MySwitch.swift */ = {isa = PBXFileReference; fileEncoding = 4; lastKnownFileType = sourcecode.swift; path = MySwitch.swift; sourceTree = "<group>"; };
/* End PBXFileReference section */

/* Begin PBXFrameworksBuildPhase section */
		DB7D48941DFE446900AB59FA /* Frameworks */ = {
			isa = PBXFrameworksBuildPhase;
			buildActionMask = 2147483647;
			files = (
			);
			runOnlyForDeploymentPostprocessing = 0;
		};
/* End PBXFrameworksBuildPhase section */

/* Begin PBXGroup section */
		DB7D488E1DFE446900AB59FA = {
			isa = PBXGroup;
			children = (
				DB7D48991DFE446900AB59FA /* MySwitch */,
				DB7D48981DFE446900AB59FA /* Products */,
			);
			sourceTree = "<group>";
		};
		DB7D48981DFE446900AB59FA /* Products */ = {
			isa = PBXGroup;
			children = (
				DB7D48971DFE446900AB59FA /* MySwitch.app */,
			);
			name = Products;
			sourceTree = "<group>";
		};
		DB7D48991DFE446900AB59FA /* MySwitch */ = {
			isa = PBXGroup;
			children = (
				DB7D489A1DFE446900AB59FA /* AppDelegate.swift */,
				DB7D489C1DFE446900AB59FA /* ViewController.swift */,
				DB7D48AC1DFE450500AB59FA /* MySwitch.swift */,
				DB7D489E1DFE446900AB59FA /* Main.storyboard */,
				DB7D48A11DFE446900AB59FA /* Assets.xcassets */,
				DB7D48A31DFE446900AB59FA /* LaunchScreen.storyboard */,
				DB7D48A61DFE446900AB59FA /* Info.plist */,
			);
			path = MySwitch;
			sourceTree = "<group>";
		};
/* End PBXGroup section */

/* Begin PBXNativeTarget section */
		DB7D48961DFE446900AB59FA /* MySwitch */ = {
			isa = PBXNativeTarget;
			buildConfigurationList = DB7D48A91DFE446900AB59FA /* Build configuration list for PBXNativeTarget "MySwitch" */;
			buildPhases = (
				DB7D48931DFE446900AB59FA /* Sources */,
				DB7D48941DFE446900AB59FA /* Frameworks */,
				DB7D48951DFE446900AB59FA /* Resources */,
			);
			buildRules = (
			);
			dependencies = (
			);
			name = MySwitch;
			productName = MySwitch;
			productReference = DB7D48971DFE446900AB59FA /* MySwitch.app */;
			productType = "com.apple.product-type.application";
		};
/* End PBXNativeTarget section */

/* Begin PBXProject section */
		DB7D488F1DFE446900AB59FA /* Project object */ = {
			isa = PBXProject;
			attributes = {
				LastSwiftUpdateCheck = 0810;
				LastUpgradeCheck = 0810;
				ORGANIZATIONNAME = "Nguyen Chi Thanh";
				TargetAttributes = {
					DB7D48961DFE446900AB59FA = {
						CreatedOnToolsVersion = 8.1;
						DevelopmentTeam = VV5J8JYG4B;
						ProvisioningStyle = Automatic;
					};
				};
			};
			buildConfigurationList = DB7D48921DFE446900AB59FA /* Build configuration list for PBXProject "MySwitch" */;
			compatibilityVersion = "Xcode 3.2";
			developmentRegion = English;
			hasScannedForEncodings = 0;
			knownRegions = (
				en,
				Base,
			);
			mainGroup = DB7D488E1DFE446900AB59FA;
			productRefGroup = DB7D48981DFE446900AB59FA /* Products */;
			projectDirPath = "";
			projectRoot = "";
			targets = (
				DB7D48961DFE446900AB59FA /* MySwitch */,
			);
		};
/* End PBXProject section */

/* Begin PBXResourcesBuildPhase section */
		DB7D48951DFE446900AB59FA /* Resources */ = {
			isa = PBXResourcesBuildPhase;
			buildActionMask = 2147483647;
			files = (
				DB7D48A51DFE446900AB59FA /* LaunchScreen.storyboard in Resources */,
				DB7D48A21DFE446900AB59FA /* Assets.xcassets in Resources */,
				DB7D48A01DFE446900AB59FA /* Main.storyboard in Resources */,
			);
			runOnlyForDeploymentPostprocessing = 0;
		};
/* End PBXResourcesBuildPhase section */

/* Begin PBXSourcesBuildPhase section */
		DB7D48931DFE446900AB59FA /* Sources */ = {
			isa = PBXSourcesBuildPhase;
			buildActionMask = 2147483647;
			files = (
				DB7D48AD1DFE450500AB59FA /* MySwitch.swift in Sources */,
				DB7D489D1DFE446900AB59FA /* ViewController.swift in Sources */,
				DB7D489B1DFE446900AB59FA /* AppDelegate.swift in Sources */,
			);
			runOnlyForDeploymentPostprocessing = 0;
		};
/* End PBXSourcesBuildPhase section */

/* Begin PBXVariantGroup section */
		DB7D489E1DFE446900AB59FA /* Main.storyboard */ = {
			isa = PBXVariantGroup;
			children = (
				DB7D489F1DFE446900AB59FA /* Base */,
			);
			name = Main.storyboard;
			sourceTree = "<group>";
		};
		DB7D48A31DFE446900AB59FA /* LaunchScreen.storyboard */ = {
			isa = PBXVariantGroup;
			children = (
				DB7D48A41DFE446900AB59FA /* Base */,
			);
			name = LaunchScreen.storyboard;
			sourceTree = "<group>";
		};
/* End PBXVariantGroup section */

/* Begin XCBuildConfiguration section */
		DB7D48A71DFE446900AB59FA /* Debug */ = {
			isa = XCBuildConfiguration;
			buildSettings = {
				ALWAYS_SEARCH_USER_PATHS = NO;
				CLANG_ANALYZER_NONNULL = YES;
				CLANG_CXX_LANGUAGE_STANDARD = "gnu++0x";
				CLANG_CXX_LIBRARY = "libc++";
				CLANG_ENABLE_MODULES = YES;
				CLANG_ENABLE_OBJC_ARC = YES;
				CLANG_WARN_BOOL_CONVERSION = YES;
				CLANG_WARN_CONSTANT_CONVERSION = YES;
				CLANG_WARN_DIRECT_OBJC_ISA_USAGE = YES_ERROR;
				CLANG_WARN_DOCUMENTATION_COMMENTS = YES;
				CLANG_WARN_EMPTY_BODY = YES;
				CLANG_WARN_ENUM_CONVERSION = YES;
				CLANG_WARN_INFINITE_RECURSION = YES;
				CLANG_WARN_INT_CONVERSION = YES;
				CLANG_WARN_OBJC_ROOT_CLASS = YES_ERROR;
				CLANG_WARN_SUSPICIOUS_MOVES = YES;
				CLANG_WARN_UNREACHABLE_CODE = YES;
				CLANG_WARN__DUPLICATE_METHOD_MATCH = YES;
				"CODE_SIGN_IDENTITY[sdk=iphoneos*]" = "iPhone Developer";
				COPY_PHASE_STRIP = NO;
				DEBUG_INFORMATION_FORMAT = dwarf;
				ENABLE_STRICT_OBJC_MSGSEND = YES;
				ENABLE_TESTABILITY = YES;
				GCC_C_LANGUAGE_STANDARD = gnu99;
				GCC_DYNAMIC_NO_PIC = NO;
				GCC_NO_COMMON_BLOCKS = YES;
				GCC_OPTIMIZATION_LEVEL = 0;
				GCC_PREPROCESSOR_DEFINITIONS = (
					"DEBUG=1",
					"$(inherited)",
				);
				GCC_WARN_64_TO_32_BIT_CONVERSION = YES;
				GCC_WARN_ABOUT_RETURN_TYPE = YES_ERROR;
				GCC_WARN_UNDECLARED_SELECTOR = YES;
				GCC_WARN_UNINITIALIZED_AUTOS = YES_AGGRESSIVE;
				GCC_WARN_UNUSED_FUNCTION = YES;
				GCC_WARN_UNUSED_VARIABLE = YES;
				IPHONEOS_DEPLOYMENT_TARGET = 10.1;
				MTL_ENABLE_DEBUG_INFO = YES;
				ONLY_ACTIVE_ARCH = YES;
				SDKROOT = iphoneos;
				SWIFT_ACTIVE_COMPILATION_CONDITIONS = DEBUG;
				SWIFT_OPTIMIZATION_LEVEL = "-Onone";
			};
			name = Debug;
		};
		DB7D48A81DFE446900AB59FA /* Release */ = {
			isa = XCBuildConfiguration;
			buildSettings = {
				ALWAYS_SEARCH_USER_PATHS = NO;
				CLANG_ANALYZER_NONNULL = YES;
				CLANG_CXX_LANGUAGE_STANDARD = "gnu++0x";
				CLANG_CXX_LIBRARY = "libc++";
				CLANG_ENABLE_MODULES = YES;
				CLANG_ENABLE_OBJC_ARC = YES;
				CLANG_WARN_BOOL_CONVERSION = YES;
				CLANG_WARN_CONSTANT_CONVERSION = YES;
				CLANG_WARN_DIRECT_OBJC_ISA_USAGE = YES_ERROR;
				CLANG_WARN_DOCUMENTATION_COMMENTS = YES;
				CLANG_WARN_EMPTY_BODY = YES;
				CLANG_WARN_ENUM_CONVERSION = YES;
				CLANG_WARN_INFINITE_RECURSION = YES;
				CLANG_WARN_INT_CONVERSION = YES;
				CLANG_WARN_OBJC_ROOT_CLASS = YES_ERROR;
				CLANG_WARN_SUSPICIOUS_MOVES = YES;
				CLANG_WARN_UNREACHABLE_CODE = YES;
				CLANG_WARN__DUPLICATE_METHOD_MATCH = YES;
				"CODE_SIGN_IDENTITY[sdk=iphoneos*]" = "iPhone Developer";
				COPY_PHASE_STRIP = NO;
				DEBUG_INFORMATION_FORMAT = "dwarf-with-dsym";
				ENABLE_NS_ASSERTIONS = NO;
				ENABLE_STRICT_OBJC_MSGSEND = YES;
				GCC_C_LANGUAGE_STANDARD = gnu99;
				GCC_NO_COMMON_BLOCKS = YES;
				GCC_WARN_64_TO_32_BIT_CONVERSION = YES;
				GCC_WARN_ABOUT_RETURN_TYPE = YES_ERROR;
				GCC_WARN_UNDECLARED_SELECTOR = YES;
				GCC_WARN_UNINITIALIZED_AUTOS = YES_AGGRESSIVE;
				GCC_WARN_UNUSED_FUNCTION = YES;
				GCC_WARN_UNUSED_VARIABLE = YES;
				IPHONEOS_DEPLOYMENT_TARGET = 10.1;
				MTL_ENABLE_DEBUG_INFO = NO;
				SDKROOT = iphoneos;
				SWIFT_OPTIMIZATION_LEVEL = "-Owholemodule";
				VALIDATE_PRODUCT = YES;
			};
			name = Release;
		};
		DB7D48AA1DFE446900AB59FA /* Debug */ = {
			isa = XCBuildConfiguration;
			buildSettings = {
				ASSETCATALOG_COMPILER_APPICON_NAME = AppIcon;
				DEVELOPMENT_TEAM = VV5J8JYG4B;
				INFOPLIST_FILE = MySwitch/Info.plist;
				LD_RUNPATH_SEARCH_PATHS = "$(inherited) @executable_path/Frameworks";
				PRODUCT_BUNDLE_IDENTIFIER = logan.MySwitch;
				PRODUCT_NAME = "$(TARGET_NAME)";
				SWIFT_VERSION = 3.0;
			};
			name = Debug;
		};
		DB7D48AB1DFE446900AB59FA /* Release */ = {
			isa = XCBuildConfiguration;
			buildSettings = {
				ASSETCATALOG_COMPILER_APPICON_NAME = AppIcon;
				DEVELOPMENT_TEAM = VV5J8JYG4B;
				INFOPLIST_FILE = MySwitch/Info.plist;
				LD_RUNPATH_SEARCH_PATHS = "$(inherited) @executable_path/Frameworks";
				PRODUCT_BUNDLE_IDENTIFIER = logan.MySwitch;
				PRODUCT_NAME = "$(TARGET_NAME)";
				SWIFT_VERSION = 3.0;
			};
			name = Release;
		};
/* End XCBuildConfiguration section */

/* Begin XCConfigurationList section */
		DB7D48921DFE446900AB59FA /* Build configuration list for PBXProject "MySwitch" */ = {
			isa = XCConfigurationList;
			buildConfigurations = (
				DB7D48A71DFE446900AB59FA /* Debug */,
				DB7D48A81DFE446900AB59FA /* Release */,
			);
			defaultConfigurationIsVisible = 0;
			defaultConfigurationName = Release;
		};
		DB7D48A91DFE446900AB59FA /* Build configuration list for PBXNativeTarget "MySwitch" */ = {
			isa = XCConfigurationList;
			buildConfigurations = (
				DB7D48AA1DFE446900AB59FA /* Debug */,
				DB7D48AB1DFE446900AB59FA /* Release */,
			);
			defaultConfigurationIsVisible = 0;
			defaultConfigurationName = Release;
		};
/* End XCConfigurationList section */
	};
	rootObject = DB7D488F1DFE446900AB59FA /* Project object */;
}
